
Microsoft Visual Studio Solution File, Format Version 12.00
# Visual Studio Version 16
VisualStudioVersion = 16.0.29820.132
MinimumVisualStudioVersion = 10.0.40219.1
Project("{FAE04EC0-301F-11D3-BF4B-00C04F79EFBC}") = "DevXListBoxDemo", "DevXListBoxDemo\DevXListBoxDemo.csproj", "{C297E529-5ACF-4BE9-BCD9-83867E5E4514}"
EndProject
Global
	GlobalSection(SolutionConfigurationPlatforms) = preSolution
		Debug|Any CPU = Debug|Any CPU
		Release|Any CPU = Release|Any CPU
	EndGlobalSection
	GlobalSection(ProjectConfigurationPlatforms) = postSolution
		{C297E529-5ACF-4BE9-BCD9-83867E5E4514}.Debug|Any CPU.ActiveCfg = Debug|Any CPU
		{C297E529-5ACF-4BE9-BCD9-83867E5E4514}.Debug|Any CPU.Build.0 = Debug|Any CPU
		{C297E529-5ACF-4BE9-BCD9-83867E5E4514}.Release|Any CPU.ActiveCfg = Release|Any CPU
		{C297E529-5ACF-4BE9-BCD9-83867E5E4514}.Release|Any CPU.Build.0 = Release|Any CPU
	EndGlobalSection
	GlobalSection(SolutionProperties) = preSolution
		HideSolutionNode = FALSE
	EndGlobalSection
	GlobalSection(ExtensibilityGlobals) = postSolution
		SolutionGuid = {1AAC21DE-55AB-4CD2-AD49-701B8EF5ABA0}
	EndGlobalSection
EndGlobal
